
Microsoft Visual Studio Solution File, Format Version 12.00
# Visual Studio 14
VisualStudioVersion = 14.0.24720.0
MinimumVisualStudioVersion = 10.0.40219.1
Project("{FAE04EC0-301F-11D3-BF4B-00C04F79EFBC}") = "DropboxVPNServer", "DropboxVPNServer\DropboxVPNServer.csproj", "{1ED60E39-69C6-4E08-A7BD-6AC7CB65C4CA}"
EndProject
Project("{FAE04EC0-301F-11D3-BF4B-00C04F79EFBC}") = "DropboxVPNClient", "DropboxVPNClient\DropboxVPNClient.csproj", "{C0BCD535-6139-41A6-A8D3-185FB25719F7}"
EndProject
Global
	GlobalSection(SolutionConfigurationPlatforms) = preSolution
		Debug|Any CPU = Debug|Any CPU
		Release|Any CPU = Release|Any CPU
	EndGlobalSection
	GlobalSection(ProjectConfigurationPlatforms) = postSolution
		{1ED60E39-69C6-4E08-A7BD-6AC7CB65C4CA}.Debug|Any CPU.ActiveCfg = Debug|Any CPU
		{1ED60E39-69C6-4E08-A7BD-6AC7CB65C4CA}.Debug|Any CPU.Build.0 = Debug|Any CPU
		{1ED60E39-69C6-4E08-A7BD-6AC7CB65C4CA}.Release|Any CPU.ActiveCfg = Release|Any CPU
		{1ED60E39-69C6-4E08-A7BD-6AC7CB65C4CA}.Release|Any CPU.Build.0 = Release|Any CPU
		{C0BCD535-6139-41A6-A8D3-185FB25719F7}.Debug|Any CPU.ActiveCfg = Debug|Any CPU
		{C0BCD535-6139-41A6-A8D3-185FB25719F7}.Debug|Any CPU.Build.0 = Debug|Any CPU
		{C0BCD535-6139-41A6-A8D3-185FB25719F7}.Release|Any CPU.ActiveCfg = Release|Any CPU
		{C0BCD535-6139-41A6-A8D3-185FB25719F7}.Release|Any CPU.Build.0 = Release|Any CPU
	EndGlobalSection
	GlobalSection(SolutionProperties) = preSolution
		HideSolutionNode = FALSE
	EndGlobalSection
EndGlobal
